
Microsoft Visual Studio Solution File, Format Version 12.00
Project("{2150E333-8FDC-42A3-9474-1A3956D46DE8}") = "src", "src", "{5518A25C-0144-415B-95BD-769AC7F870D2}"
EndProject
Project("{2150E333-8FDC-42A3-9474-1A3956D46DE8}") = "tests", "tests", "{D2BCF107-A544-455B-B963-1ED9157A7D0E}"
EndProject
Project("{FAE04EC0-301F-11D3-BF4B-00C04F79EFBC}") = "Application", "Application\Application.csproj", "{0C2F68EB-40EB-4211-9D16-5D34475D4B39}"
EndProject
Project("{FAE04EC0-301F-11D3-BF4B-00C04F79EFBC}") = "Domain", "Domain\Domain.csproj", "{DC2FDBF6-99F7-4995-9F5B-5A6E2F755E07}"
EndProject
Project("{FAE04EC0-301F-11D3-BF4B-00C04F79EFBC}") = "Infrastructure", "Infrastructure\Infrastructure.csproj", "{6554102C-8FF3-4E50-85AD-6EFEFF0405C6}"
EndProject
Project("{FAE04EC0-301F-11D3-BF4B-00C04F79EFBC}") = "UI", "UI\UI\UI.csproj", "{157DD3B5-404B-465F-AEA5-8A7211E3776B}"
EndProject
Project("{FAE04EC0-301F-11D3-BF4B-00C04F79EFBC}") = "UI.Android", "UI\UI.Android\UI.Android.csproj", "{FB8135A7-6DC3-4882-A769-83D1979E11C4}"
EndProject
Project("{FAE04EC0-301F-11D3-BF4B-00C04F79EFBC}") = "UI.Desktop", "UI\UI.Desktop\UI.Desktop.csproj", "{F514B231-D71D-4D90-ADAD-5784361B20B1}"
EndProject
Project("{FAE04EC0-301F-11D3-BF4B-00C04F79EFBC}") = "UI.iOS", "UI\UI.iOS\UI.iOS.csproj", "{B4D1CCE6-F311-4A76-A4AF-E0D2767F5CBE}"
EndProject
Project("{FAE04EC0-301F-11D3-BF4B-00C04F79EFBC}") = "UI.Browser", "UI\UI.Browser\UI.Browser.csproj", "{CC49AC25-0CAA-474E-A50F-A6A9E33ACCE5}"
EndProject
Global
	GlobalSection(SolutionConfigurationPlatforms) = preSolution
		Debug|Any CPU = Debug|Any CPU
		Release|Any CPU = Release|Any CPU
	EndGlobalSection
	GlobalSection(NestedProjects) = preSolution
		{0C2F68EB-40EB-4211-9D16-5D34475D4B39} = {5518A25C-0144-415B-95BD-769AC7F870D2}
		{DC2FDBF6-99F7-4995-9F5B-5A6E2F755E07} = {5518A25C-0144-415B-95BD-769AC7F870D2}
		{6554102C-8FF3-4E50-85AD-6EFEFF0405C6} = {5518A25C-0144-415B-95BD-769AC7F870D2}
		{157DD3B5-404B-465F-AEA5-8A7211E3776B} = {5518A25C-0144-415B-95BD-769AC7F870D2}
		{FB8135A7-6DC3-4882-A769-83D1979E11C4} = {5518A25C-0144-415B-95BD-769AC7F870D2}
		{F514B231-D71D-4D90-ADAD-5784361B20B1} = {5518A25C-0144-415B-95BD-769AC7F870D2}
		{B4D1CCE6-F311-4A76-A4AF-E0D2767F5CBE} = {5518A25C-0144-415B-95BD-769AC7F870D2}
		{CC49AC25-0CAA-474E-A50F-A6A9E33ACCE5} = {5518A25C-0144-415B-95BD-769AC7F870D2}
	EndGlobalSection
	GlobalSection(ProjectConfigurationPlatforms) = postSolution
		{0C2F68EB-40EB-4211-9D16-5D34475D4B39}.Debug|Any CPU.ActiveCfg = Debug|Any CPU
		{0C2F68EB-40EB-4211-9D16-5D34475D4B39}.Debug|Any CPU.Build.0 = Debug|Any CPU
		{0C2F68EB-40EB-4211-9D16-5D34475D4B39}.Release|Any CPU.ActiveCfg = Release|Any CPU
		{0C2F68EB-40EB-4211-9D16-5D34475D4B39}.Release|Any CPU.Build.0 = Release|Any CPU
		{DC2FDBF6-99F7-4995-9F5B-5A6E2F755E07}.Debug|Any CPU.ActiveCfg = Debug|Any CPU
		{DC2FDBF6-99F7-4995-9F5B-5A6E2F755E07}.Debug|Any CPU.Build.0 = Debug|Any CPU
		{DC2FDBF6-99F7-4995-9F5B-5A6E2F755E07}.Release|Any CPU.ActiveCfg = Release|Any CPU
		{DC2FDBF6-99F7-4995-9F5B-5A6E2F755E07}.Release|Any CPU.Build.0 = Release|Any CPU
		{6554102C-8FF3-4E50-85AD-6EFEFF0405C6}.Debug|Any CPU.ActiveCfg = Debug|Any CPU
		{6554102C-8FF3-4E50-85AD-6EFEFF0405C6}.Debug|Any CPU.Build.0 = Debug|Any CPU
		{6554102C-8FF3-4E50-85AD-6EFEFF0405C6}.Release|Any CPU.ActiveCfg = Release|Any CPU
		{6554102C-8FF3-4E50-85AD-6EFEFF0405C6}.Release|Any CPU.Build.0 = Release|Any CPU
		{157DD3B5-404B-465F-AEA5-8A7211E3776B}.Debug|Any CPU.ActiveCfg = Debug|Any CPU
		{157DD3B5-404B-465F-AEA5-8A7211E3776B}.Debug|Any CPU.Build.0 = Debug|Any CPU
		{157DD3B5-404B-465F-AEA5-8A7211E3776B}.Release|Any CPU.ActiveCfg = Release|Any CPU
		{157DD3B5-404B-465F-AEA5-8A7211E3776B}.Release|Any CPU.Build.0 = Release|Any CPU
		{FB8135A7-6DC3-4882-A769-83D1979E11C4}.Debug|Any CPU.ActiveCfg = Debug|Any CPU
		{FB8135A7-6DC3-4882-A769-83D1979E11C4}.Debug|Any CPU.Build.0 = Debug|Any CPU
		{FB8135A7-6DC3-4882-A769-83D1979E11C4}.Release|Any CPU.ActiveCfg = Release|Any CPU
		{FB8135A7-6DC3-4882-A769-83D1979E11C4}.Release|Any CPU.Build.0 = Release|Any CPU
		{F514B231-D71D-4D90-ADAD-5784361B20B1}.Debug|Any CPU.ActiveCfg = Debug|Any CPU
		{F514B231-D71D-4D90-ADAD-5784361B20B1}.Debug|Any CPU.Build.0 = Debug|Any CPU
		{F514B231-D71D-4D90-ADAD-5784361B20B1}.Release|Any CPU.ActiveCfg = Release|Any CPU
		{F514B231-D71D-4D90-ADAD-5784361B20B1}.Release|Any CPU.Build.0 = Release|Any CPU
		{B4D1CCE6-F311-4A76-A4AF-E0D2767F5CBE}.Debug|Any CPU.ActiveCfg = Debug|Any CPU
		{B4D1CCE6-F311-4A76-A4AF-E0D2767F5CBE}.Debug|Any CPU.Build.0 = Debug|Any CPU
		{B4D1CCE6-F311-4A76-A4AF-E0D2767F5CBE}.Release|Any CPU.ActiveCfg = Release|Any CPU
		{B4D1CCE6-F311-4A76-A4AF-E0D2767F5CBE}.Release|Any CPU.Build.0 = Release|Any CPU
		{CC49AC25-0CAA-474E-A50F-A6A9E33ACCE5}.Debug|Any CPU.ActiveCfg = Debug|Any CPU
		{CC49AC25-0CAA-474E-A50F-A6A9E33ACCE5}.Debug|Any CPU.Build.0 = Debug|Any CPU
		{CC49AC25-0CAA-474E-A50F-A6A9E33ACCE5}.Release|Any CPU.ActiveCfg = Release|Any CPU
		{CC49AC25-0CAA-474E-A50F-A6A9E33ACCE5}.Release|Any CPU.Build.0 = Release|Any CPU
	EndGlobalSection
EndGlobal
